
Microsoft Visual Studio Solution File, Format Version 12.00
# Visual Studio Version 17
VisualStudioVersion = 17.6.33815.320
MinimumVisualStudioVersion = 10.0.40219.1
Project("{FAE04EC0-301F-11D3-BF4B-00C04F79EFBC}") = "Практическая работа 6", "Практическая работа 6\Практическая работа 6.csproj", "{01586FFB-B081-4E06-B32E-06F26655C807}"
EndProject
Project("{FAE04EC0-301F-11D3-BF4B-00C04F79EFBC}") = "Lib6", "Lib6\Lib6.csproj", "{78C766B6-A4F3-4734-AEC6-4803765720F8}"
EndProject
Global
	GlobalSection(SolutionConfigurationPlatforms) = preSolution
		Debug|Any CPU = Debug|Any CPU
		Release|Any CPU = Release|Any CPU
	EndGlobalSection
	GlobalSection(ProjectConfigurationPlatforms) = postSolution
		{01586FFB-B081-4E06-B32E-06F26655C807}.Debug|Any CPU.ActiveCfg = Debug|Any CPU
		{01586FFB-B081-4E06-B32E-06F26655C807}.Debug|Any CPU.Build.0 = Debug|Any CPU
		{01586FFB-B081-4E06-B32E-06F26655C807}.Release|Any CPU.ActiveCfg = Release|Any CPU
		{01586FFB-B081-4E06-B32E-06F26655C807}.Release|Any CPU.Build.0 = Release|Any CPU
		{78C766B6-A4F3-4734-AEC6-4803765720F8}.Debug|Any CPU.ActiveCfg = Debug|Any CPU
		{78C766B6-A4F3-4734-AEC6-4803765720F8}.Debug|Any CPU.Build.0 = Debug|Any CPU
		{78C766B6-A4F3-4734-AEC6-4803765720F8}.Release|Any CPU.ActiveCfg = Release|Any CPU
		{78C766B6-A4F3-4734-AEC6-4803765720F8}.Release|Any CPU.Build.0 = Release|Any CPU
	EndGlobalSection
	GlobalSection(SolutionProperties) = preSolution
		HideSolutionNode = FALSE
	EndGlobalSection
	GlobalSection(ExtensibilityGlobals) = postSolution
		SolutionGuid = {BFCCF444-E469-4961-8F78-D554299ECE0A}
	EndGlobalSection
EndGlobal
